// !$*UTF8*$!
{
	archiveVersion = 1;
	classes = {
	};
	objectVersion = 50;
	objects = {

/* Begin PBXBuildFile section */
		AF14CF852430922D002FC1E0 /* CustomTextField.swift in Sources */ = {isa = PBXBuildFile; fileRef = AF14CF842430922D002FC1E0 /* CustomTextField.swift */; };
		AF14CF872430D559002FC1E0 /* KeyBoardToolBarForTab2.swift in Sources */ = {isa = PBXBuildFile; fileRef = AF14CF862430D559002FC1E0 /* KeyBoardToolBarForTab2.swift */; };
		AF14CF892430D5B6002FC1E0 /* KeyBoardToolBarForTab2XIB.xib in Resources */ = {isa = PBXBuildFile; fileRef = AF14CF882430D5B6002FC1E0 /* KeyBoardToolBarForTab2XIB.xib */; };
		AF604BA0242E0F3900A87AE1 /* KeyBoardToolBarForTab1.swift in Sources */ = {isa = PBXBuildFile; fileRef = AF604B9F242E0F3900A87AE1 /* KeyBoardToolBarForTab1.swift */; };
		AF604BA2242E0F4C00A87AE1 /* KeyBoardToolBarXIB.xib in Resources */ = {isa = PBXBuildFile; fileRef = AF604BA1242E0F4C00A87AE1 /* KeyBoardToolBarXIB.xib */; };
		AF8D64FC2427879E0062AA45 /* AppDelegate.swift in Sources */ = {isa = PBXBuildFile; fileRef = AF8D64FB2427879E0062AA45 /* AppDelegate.swift */; };
		AF8D65002427879E0062AA45 /* Tab1ViewController.swift in Sources */ = {isa = PBXBuildFile; fileRef = AF8D64FF2427879E0062AA45 /* Tab1ViewController.swift */; };
		AF8D65032427879E0062AA45 /* Main.storyboard in Resources */ = {isa = PBXBuildFile; fileRef = AF8D65012427879E0062AA45 /* Main.storyboard */; };
		AF8D65052427879E0062AA45 /* Assets.xcassets in Resources */ = {isa = PBXBuildFile; fileRef = AF8D65042427879E0062AA45 /* Assets.xcassets */; };
		AF8D65082427879E0062AA45 /* LaunchScreen.storyboard in Resources */ = {isa = PBXBuildFile; fileRef = AF8D65062427879E0062AA45 /* LaunchScreen.storyboard */; };
		AF8D651024278B510062AA45 /* Tab2ViewController.swift in Sources */ = {isa = PBXBuildFile; fileRef = AF8D650F24278B510062AA45 /* Tab2ViewController.swift */; };
		AF8D651224278B630062AA45 /* Tab3ViewController.swift in Sources */ = {isa = PBXBuildFile; fileRef = AF8D651124278B630062AA45 /* Tab3ViewController.swift */; };
		AF8D651424278B710062AA45 /* Tab4ViewController.swift in Sources */ = {isa = PBXBuildFile; fileRef = AF8D651324278B710062AA45 /* Tab4ViewController.swift */; };
		AF9368C12434DB2000E34A6E /* KeyBoardToolBarForTab4XIB.xib in Resources */ = {isa = PBXBuildFile; fileRef = AF9368C02434DB2000E34A6E /* KeyBoardToolBarForTab4XIB.xib */; };
		AF9368C32434DB3B00E34A6E /* KeyBoardToolBarForTab4.swift in Sources */ = {isa = PBXBuildFile; fileRef = AF9368C22434DB3B00E34A6E /* KeyBoardToolBarForTab4.swift */; };
/* End PBXBuildFile section */

/* Begin PBXFileReference section */
		AF14CF842430922D002FC1E0 /* CustomTextField.swift */ = {isa = PBXFileReference; lastKnownFileType = sourcecode.swift; path = CustomTextField.swift; sourceTree = "<group>"; };
		AF14CF862430D559002FC1E0 /* KeyBoardToolBarForTab2.swift */ = {isa = PBXFileReference; lastKnownFileType = sourcecode.swift; path = KeyBoardToolBarForTab2.swift; sourceTree = "<group>"; };
		AF14CF882430D5B6002FC1E0 /* KeyBoardToolBarForTab2XIB.xib */ = {isa = PBXFileReference; lastKnownFileType = file.xib; path = KeyBoardToolBarForTab2XIB.xib; sourceTree = "<group>"; };
		AF604B9F242E0F3900A87AE1 /* KeyBoardToolBarForTab1.swift */ = {isa = PBXFileReference; lastKnownFileType = sourcecode.swift; path = KeyBoardToolBarForTab1.swift; sourceTree = "<group>"; };
		AF604BA1242E0F4C00A87AE1 /* KeyBoardToolBarXIB.xib */ = {isa = PBXFileReference; lastKnownFileType = file.xib; path = KeyBoardToolBarXIB.xib; sourceTree = "<group>"; };
		AF8D64F82427879E0062AA45 /* hw_lesson16_UITextField.app */ = {isa = PBXFileReference; explicitFileType = wrapper.application; includeInIndex = 0; path = hw_lesson16_UITextField.app; sourceTree = BUILT_PRODUCTS_DIR; };
		AF8D64FB2427879E0062AA45 /* AppDelegate.swift */ = {isa = PBXFileReference; lastKnownFileType = sourcecode.swift; path = AppDelegate.swift; sourceTree = "<group>"; };
		AF8D64FF2427879E0062AA45 /* Tab1ViewController.swift */ = {isa = PBXFileReference; lastKnownFileType = sourcecode.swift; path = Tab1ViewController.swift; sourceTree = "<group>"; };
		AF8D65022427879E0062AA45 /* Base */ = {isa = PBXFileReference; lastKnownFileType = file.storyboard; name = Base; path = Base.lproj/Main.storyboard; sourceTree = "<group>"; };
		AF8D65042427879E0062AA45 /* Assets.xcassets */ = {isa = PBXFileReference; lastKnownFileType = folder.assetcatalog; path = Assets.xcassets; sourceTree = "<group>"; };
		AF8D65072427879E0062AA45 /* Base */ = {isa = PBXFileReference; lastKnownFileType = file.storyboard; name = Base; path = Base.lproj/LaunchScreen.storyboard; sourceTree = "<group>"; };
		AF8D65092427879F0062AA45 /* Info.plist */ = {isa = PBXFileReference; lastKnownFileType = text.plist.xml; path = Info.plist; sourceTree = "<group>"; };
		AF8D650F24278B510062AA45 /* Tab2ViewController.swift */ = {isa = PBXFileReference; lastKnownFileType = sourcecode.swift; path = Tab2ViewController.swift; sourceTree = "<group>"; };
		AF8D651124278B630062AA45 /* Tab3ViewController.swift */ = {isa = PBXFileReference; lastKnownFileType = sourcecode.swift; path = Tab3ViewController.swift; sourceTree = "<group>"; };
		AF8D651324278B710062AA45 /* Tab4ViewController.swift */ = {isa = PBXFileReference; lastKnownFileType = sourcecode.swift; path = Tab4ViewController.swift; sourceTree = "<group>"; };
		AF9368C02434DB2000E34A6E /* KeyBoardToolBarForTab4XIB.xib */ = {isa = PBXFileReference; lastKnownFileType = file.xib; path = KeyBoardToolBarForTab4XIB.xib; sourceTree = "<group>"; };
		AF9368C22434DB3B00E34A6E /* KeyBoardToolBarForTab4.swift */ = {isa = PBXFileReference; lastKnownFileType = sourcecode.swift; path = KeyBoardToolBarForTab4.swift; sourceTree = "<group>"; };
/* End PBXFileReference section */

/* Begin PBXFrameworksBuildPhase section */
		AF8D64F52427879E0062AA45 /* Frameworks */ = {
			isa = PBXFrameworksBuildPhase;
			buildActionMask = 2147483647;
			files = (
			);
			runOnlyForDeploymentPostprocessing = 0;
		};
/* End PBXFrameworksBuildPhase section */

/* Begin PBXGroup section */
		AF14CF8A2431108E002FC1E0 /* ViewControllers */ = {
			isa = PBXGroup;
			children = (
				AF8D64FF2427879E0062AA45 /* Tab1ViewController.swift */,
				AF8D650F24278B510062AA45 /* Tab2ViewController.swift */,
				AF8D651124278B630062AA45 /* Tab3ViewController.swift */,
				AF8D651324278B710062AA45 /* Tab4ViewController.swift */,
			);
			path = ViewControllers;
			sourceTree = "<group>";
		};
		AF14CF8B243110D1002FC1E0 /* Keyboards */ = {
			isa = PBXGroup;
			children = (
				AF14CF8D243110F5002FC1E0 /* XIB */,
				AF14CF8C243110E6002FC1E0 /* Controllers */,
			);
			path = Keyboards;
			sourceTree = "<group>";
		};
		AF14CF8C243110E6002FC1E0 /* Controllers */ = {
			isa = PBXGroup;
			children = (
				AF604B9F242E0F3900A87AE1 /* KeyBoardToolBarForTab1.swift */,
				AF14CF862430D559002FC1E0 /* KeyBoardToolBarForTab2.swift */,
				AF9368C22434DB3B00E34A6E /* KeyBoardToolBarForTab4.swift */,
			);
			path = Controllers;
			sourceTree = "<group>";
		};
		AF14CF8D243110F5002FC1E0 /* XIB */ = {
			isa = PBXGroup;
			children = (
				AF604BA1242E0F4C00A87AE1 /* KeyBoardToolBarXIB.xib */,
				AF14CF882430D5B6002FC1E0 /* KeyBoardToolBarForTab2XIB.xib */,
				AF9368C02434DB2000E34A6E /* KeyBoardToolBarForTab4XIB.xib */,
			);
			path = XIB;
			sourceTree = "<group>";
		};
		AF14CF8E24311127002FC1E0 /* CustomClass */ = {
			isa = PBXGroup;
			children = (
				AF14CF842430922D002FC1E0 /* CustomTextField.swift */,
			);
			path = CustomClass;
			sourceTree = "<group>";
		};
		AF8D64EF2427879E0062AA45 = {
			isa = PBXGroup;
			children = (
				AF8D64FA2427879E0062AA45 /* hw_lesson16_UITextField */,
				AF8D64F92427879E0062AA45 /* Products */,
			);
			sourceTree = "<group>";
		};
		AF8D64F92427879E0062AA45 /* Products */ = {
			isa = PBXGroup;
			children = (
				AF8D64F82427879E0062AA45 /* hw_lesson16_UITextField.app */,
			);
			name = Products;
			sourceTree = "<group>";
		};
		AF8D64FA2427879E0062AA45 /* hw_lesson16_UITextField */ = {
			isa = PBXGroup;
			children = (
				AF8D64FB2427879E0062AA45 /* AppDelegate.swift */,
				AF14CF8E24311127002FC1E0 /* CustomClass */,
				AF14CF8B243110D1002FC1E0 /* Keyboards */,
				AF14CF8A2431108E002FC1E0 /* ViewControllers */,
				AF8D65062427879E0062AA45 /* LaunchScreen.storyboard */,
				AF8D65012427879E0062AA45 /* Main.storyboard */,
				AF8D65042427879E0062AA45 /* Assets.xcassets */,
				AF8D65092427879F0062AA45 /* Info.plist */,
			);
			path = hw_lesson16_UITextField;
			sourceTree = "<group>";
		};
/* End PBXGroup section */

/* Begin PBXNativeTarget section */
		AF8D64F72427879E0062AA45 /* hw_lesson16_UITextField */ = {
			isa = PBXNativeTarget;
			buildConfigurationList = AF8D650C2427879F0062AA45 /* Build configuration list for PBXNativeTarget "hw_lesson16_UITextField" */;
			buildPhases = (
				AF8D64F42427879E0062AA45 /* Sources */,
				AF8D64F52427879E0062AA45 /* Frameworks */,
				AF8D64F62427879E0062AA45 /* Resources */,
			);
			buildRules = (
			);
			dependencies = (
			);
			name = hw_lesson16_UITextField;
			productName = hw_lesson16_UITextField;
			productReference = AF8D64F82427879E0062AA45 /* hw_lesson16_UITextField.app */;
			productType = "com.apple.product-type.application";
		};
/* End PBXNativeTarget section */

/* Begin PBXProject section */
		AF8D64F02427879E0062AA45 /* Project object */ = {
			isa = PBXProject;
			attributes = {
				LastSwiftUpdateCheck = 1130;
				LastUpgradeCheck = 1130;
				ORGANIZATIONNAME = "Олег Чудновский";
				TargetAttributes = {
					AF8D64F72427879E0062AA45 = {
						CreatedOnToolsVersion = 11.3.1;
					};
				};
			};
			buildConfigurationList = AF8D64F32427879E0062AA45 /* Build configuration list for PBXProject "hw_lesson16_UITextField" */;
			compatibilityVersion = "Xcode 9.3";
			developmentRegion = en;
			hasScannedForEncodings = 0;
			knownRegions = (
				en,
				Base,
			);
			mainGroup = AF8D64EF2427879E0062AA45;
			productRefGroup = AF8D64F92427879E0062AA45 /* Products */;
			projectDirPath = "";
			projectRoot = "";
			targets = (
				AF8D64F72427879E0062AA45 /* hw_lesson16_UITextField */,
			);
		};
/* End PBXProject section */

/* Begin PBXResourcesBuildPhase section */
		AF8D64F62427879E0062AA45 /* Resources */ = {
			isa = PBXResourcesBuildPhase;
			buildActionMask = 2147483647;
			files = (
				AF8D65082427879E0062AA45 /* LaunchScreen.storyboard in Resources */,
				AF9368C12434DB2000E34A6E /* KeyBoardToolBarForTab4XIB.xib in Resources */,
				AF8D65052427879E0062AA45 /* Assets.xcassets in Resources */,
				AF14CF892430D5B6002FC1E0 /* KeyBoardToolBarForTab2XIB.xib in Resources */,
				AF604BA2242E0F4C00A87AE1 /* KeyBoardToolBarXIB.xib in Resources */,
				AF8D65032427879E0062AA45 /* Main.storyboard in Resources */,
			);
			runOnlyForDeploymentPostprocessing = 0;
		};
/* End PBXResourcesBuildPhase section */

/* Begin PBXSourcesBuildPhase section */
		AF8D64F42427879E0062AA45 /* Sources */ = {
			isa = PBXSourcesBuildPhase;
			buildActionMask = 2147483647;
			files = (
				AF8D651224278B630062AA45 /* Tab3ViewController.swift in Sources */,
				AF8D65002427879E0062AA45 /* Tab1ViewController.swift in Sources */,
				AF8D651424278B710062AA45 /* Tab4ViewController.swift in Sources */,
				AF14CF872430D559002FC1E0 /* KeyBoardToolBarForTab2.swift in Sources */,
				AF14CF852430922D002FC1E0 /* CustomTextField.swift in Sources */,
				AF604BA0242E0F3900A87AE1 /* KeyBoardToolBarForTab1.swift in Sources */,
				AF8D64FC2427879E0062AA45 /* AppDelegate.swift in Sources */,
				AF9368C32434DB3B00E34A6E /* KeyBoardToolBarForTab4.swift in Sources */,
				AF8D651024278B510062AA45 /* Tab2ViewController.swift in Sources */,
			);
			runOnlyForDeploymentPostprocessing = 0;
		};
/* End PBXSourcesBuildPhase section */

/* Begin PBXVariantGroup section */
		AF8D65012427879E0062AA45 /* Main.storyboard */ = {
			isa = PBXVariantGroup;
			children = (
				AF8D65022427879E0062AA45 /* Base */,
			);
			name = Main.storyboard;
			sourceTree = "<group>";
		};
		AF8D65062427879E0062AA45 /* LaunchScreen.storyboard */ = {
			isa = PBXVariantGroup;
			children = (
				AF8D65072427879E0062AA45 /* Base */,
			);
			name = LaunchScreen.storyboard;
			sourceTree = "<group>";
		};
/* End PBXVariantGroup section */

/* Begin XCBuildConfiguration section */
		AF8D650A2427879F0062AA45 /* Debug */ = {
			isa = XCBuildConfiguration;
			buildSettings = {
				ALWAYS_SEARCH_USER_PATHS = NO;
				CLANG_ANALYZER_NONNULL = YES;
				CLANG_ANALYZER_NUMBER_OBJECT_CONVERSION = YES_AGGRESSIVE;
				CLANG_CXX_LANGUAGE_STANDARD = "gnu++14";
				CLANG_CXX_LIBRARY = "libc++";
				CLANG_ENABLE_MODULES = YES;
				CLANG_ENABLE_OBJC_ARC = YES;
				CLANG_ENABLE_OBJC_WEAK = YES;
				CLANG_WARN_BLOCK_CAPTURE_AUTORELEASING = YES;
				CLANG_WARN_BOOL_CONVERSION = YES;
				CLANG_WARN_COMMA = YES;
				CLANG_WARN_CONSTANT_CONVERSION = YES;
				CLANG_WARN_DEPRECATED_OBJC_IMPLEMENTATIONS = YES;
				CLANG_WARN_DIRECT_OBJC_ISA_USAGE = YES_ERROR;
				CLANG_WARN_DOCUMENTATION_COMMENTS = YES;
				CLANG_WARN_EMPTY_BODY = YES;
				CLANG_WARN_ENUM_CONVERSION = YES;
				CLANG_WARN_INFINITE_RECURSION = YES;
				CLANG_WARN_INT_CONVERSION = YES;
				CLANG_WARN_NON_LITERAL_NULL_CONVERSION = YES;
				CLANG_WARN_OBJC_IMPLICIT_RETAIN_SELF = YES;
				CLANG_WARN_OBJC_LITERAL_CONVERSION = YES;
				CLANG_WARN_OBJC_ROOT_CLASS = YES_ERROR;
				CLANG_WARN_RANGE_LOOP_ANALYSIS = YES;
				CLANG_WARN_STRICT_PROTOTYPES = YES;
				CLANG_WARN_SUSPICIOUS_MOVE = YES;
				CLANG_WARN_UNGUARDED_AVAILABILITY = YES_AGGRESSIVE;
				CLANG_WARN_UNREACHABLE_CODE = YES;
				CLANG_WARN__DUPLICATE_METHOD_MATCH = YES;
				COPY_PHASE_STRIP = NO;
				DEBUG_INFORMATION_FORMAT = dwarf;
				ENABLE_STRICT_OBJC_MSGSEND = YES;
				ENABLE_TESTABILITY = YES;
				GCC_C_LANGUAGE_STANDARD = gnu11;
				GCC_DYNAMIC_NO_PIC = NO;
				GCC_NO_COMMON_BLOCKS = YES;
				GCC_OPTIMIZATION_LEVEL = 0;
				GCC_PREPROCESSOR_DEFINITIONS = (
					"DEBUG=1",
					"$(inherited)",
				);
				GCC_WARN_64_TO_32_BIT_CONVERSION = YES;
				GCC_WARN_ABOUT_RETURN_TYPE = YES_ERROR;
				GCC_WARN_UNDECLARED_SELECTOR = YES;
				GCC_WARN_UNINITIALIZED_AUTOS = YES_AGGRESSIVE;
				GCC_WARN_UNUSED_FUNCTION = YES;
				GCC_WARN_UNUSED_VARIABLE = YES;
				IPHONEOS_DEPLOYMENT_TARGET = 13.2;
				MTL_ENABLE_DEBUG_INFO = INCLUDE_SOURCE;
				MTL_FAST_MATH = YES;
				ONLY_ACTIVE_ARCH = YES;
				SDKROOT = iphoneos;
				SWIFT_ACTIVE_COMPILATION_CONDITIONS = DEBUG;
				SWIFT_OPTIMIZATION_LEVEL = "-Onone";
			};
			name = Debug;
		};
		AF8D650B2427879F0062AA45 /* Release */ = {
			isa = XCBuildConfiguration;
			buildSettings = {
				ALWAYS_SEARCH_USER_PATHS = NO;
				CLANG_ANALYZER_NONNULL = YES;
				CLANG_ANALYZER_NUMBER_OBJECT_CONVERSION = YES_AGGRESSIVE;
				CLANG_CXX_LANGUAGE_STANDARD = "gnu++14";
				CLANG_CXX_LIBRARY = "libc++";
				CLANG_ENABLE_MODULES = YES;
				CLANG_ENABLE_OBJC_ARC = YES;
				CLANG_ENABLE_OBJC_WEAK = YES;
				CLANG_WARN_BLOCK_CAPTURE_AUTORELEASING = YES;
				CLANG_WARN_BOOL_CONVERSION = YES;
				CLANG_WARN_COMMA = YES;
				CLANG_WARN_CONSTANT_CONVERSION = YES;
				CLANG_WARN_DEPRECATED_OBJC_IMPLEMENTATIONS = YES;
				CLANG_WARN_DIRECT_OBJC_ISA_USAGE = YES_ERROR;
				CLANG_WARN_DOCUMENTATION_COMMENTS = YES;
				CLANG_WARN_EMPTY_BODY = YES;
				CLANG_WARN_ENUM_CONVERSION = YES;
				CLANG_WARN_INFINITE_RECURSION = YES;
				CLANG_WARN_INT_CONVERSION = YES;
				CLANG_WARN_NON_LITERAL_NULL_CONVERSION = YES;
				CLANG_WARN_OBJC_IMPLICIT_RETAIN_SELF = YES;
				CLANG_WARN_OBJC_LITERAL_CONVERSION = YES;
				CLANG_WARN_OBJC_ROOT_CLASS = YES_ERROR;
				CLANG_WARN_RANGE_LOOP_ANALYSIS = YES;
				CLANG_WARN_STRICT_PROTOTYPES = YES;
				CLANG_WARN_SUSPICIOUS_MOVE = YES;
				CLANG_WARN_UNGUARDED_AVAILABILITY = YES_AGGRESSIVE;
				CLANG_WARN_UNREACHABLE_CODE = YES;
				CLANG_WARN__DUPLICATE_METHOD_MATCH = YES;
				COPY_PHASE_STRIP = NO;
				DEBUG_INFORMATION_FORMAT = "dwarf-with-dsym";
				ENABLE_NS_ASSERTIONS = NO;
				ENABLE_STRICT_OBJC_MSGSEND = YES;
				GCC_C_LANGUAGE_STANDARD = gnu11;
				GCC_NO_COMMON_BLOCKS = YES;
				GCC_WARN_64_TO_32_BIT_CONVERSION = YES;
				GCC_WARN_ABOUT_RETURN_TYPE = YES_ERROR;
				GCC_WARN_UNDECLARED_SELECTOR = YES;
				GCC_WARN_UNINITIALIZED_AUTOS = YES_AGGRESSIVE;
				GCC_WARN_UNUSED_FUNCTION = YES;
				GCC_WARN_UNUSED_VARIABLE = YES;
				IPHONEOS_DEPLOYMENT_TARGET = 13.2;
				MTL_ENABLE_DEBUG_INFO = NO;
				MTL_FAST_MATH = YES;
				SDKROOT = iphoneos;
				SWIFT_COMPILATION_MODE = wholemodule;
				SWIFT_OPTIMIZATION_LEVEL = "-O";
				VALIDATE_PRODUCT = YES;
			};
			name = Release;
		};
		AF8D650D2427879F0062AA45 /* Debug */ = {
			isa = XCBuildConfiguration;
			buildSettings = {
				ASSETCATALOG_COMPILER_APPICON_NAME = AppIcon;
				CODE_SIGN_STYLE = Automatic;
				DEVELOPMENT_TEAM = AJ38HSGQVX;
				INFOPLIST_FILE = hw_lesson16_UITextField/Info.plist;
				IPHONEOS_DEPLOYMENT_TARGET = 12.2;
				LD_RUNPATH_SEARCH_PATHS = (
					"$(inherited)",
					"@executable_path/Frameworks",
				);
				PRODUCT_BUNDLE_IDENTIFIER = "oleg.Chudnovskiy-gmail.com.hw-lesson16-UITextField";
				PRODUCT_NAME = "$(TARGET_NAME)";
				SWIFT_VERSION = 5.0;
				TARGETED_DEVICE_FAMILY = "1,2";
			};
			name = Debug;
		};
		AF8D650E2427879F0062AA45 /* Release */ = {
			isa = XCBuildConfiguration;
			buildSettings = {
				ASSETCATALOG_COMPILER_APPICON_NAME = AppIcon;
				CODE_SIGN_STYLE = Automatic;
				DEVELOPMENT_TEAM = AJ38HSGQVX;
				INFOPLIST_FILE = hw_lesson16_UITextField/Info.plist;
				IPHONEOS_DEPLOYMENT_TARGET = 12.2;
				LD_RUNPATH_SEARCH_PATHS = (
					"$(inherited)",
					"@executable_path/Frameworks",
				);
				PRODUCT_BUNDLE_IDENTIFIER = "oleg.Chudnovskiy-gmail.com.hw-lesson16-UITextField";
				PRODUCT_NAME = "$(TARGET_NAME)";
				SWIFT_VERSION = 5.0;
				TARGETED_DEVICE_FAMILY = "1,2";
			};
			name = Release;
		};
/* End XCBuildConfiguration section */

/* Begin XCConfigurationList section */
		AF8D64F32427879E0062AA45 /* Build configuration list for PBXProject "hw_lesson16_UITextField" */ = {
			isa = XCConfigurationList;
			buildConfigurations = (
				AF8D650A2427879F0062AA45 /* Debug */,
				AF8D650B2427879F0062AA45 /* Release */,
			);
			defaultConfigurationIsVisible = 0;
			defaultConfigurationName = Release;
		};
		AF8D650C2427879F0062AA45 /* Build configuration list for PBXNativeTarget "hw_lesson16_UITextField" */ = {
			isa = XCConfigurationList;
			buildConfigurations = (
				AF8D650D2427879F0062AA45 /* Debug */,
				AF8D650E2427879F0062AA45 /* Release */,
			);
			defaultConfigurationIsVisible = 0;
			defaultConfigurationName = Release;
		};
/* End XCConfigurationList section */
	};
	rootObject = AF8D64F02427879E0062AA45 /* Project object */;
}
